
Microsoft Visual Studio Solution File, Format Version 12.00
# Visual Studio 14
VisualStudioVersion = 14.0.25420.1
MinimumVisualStudioVersion = 10.0.40219.1
Project("{2150E333-8FDC-42A3-9474-1A3956D46DE8}") = "src", "src", "{DBB1A8FD-1A88-4FB4-94C2-325303B44491}"
EndProject
Project("{2150E333-8FDC-42A3-9474-1A3956D46DE8}") = "Solution Items", "Solution Items", "{F4BE1DE2-B1E8-4A8B-A691-F1DB488B0DA8}"
	ProjectSection(SolutionItems) = preProject
		global.json = global.json
	EndProjectSection
EndProject
Project("{8BB2217D-0F2D-49D1-97BC-3654ED321F3B}") = "SpottedAdminConsole", "src\SpottedAdminConsole\SpottedAdminConsole.xproj", "{531547C7-8672-44E1-8711-0253B978FCBE}"
EndProject
Global
	GlobalSection(SolutionConfigurationPlatforms) = preSolution
		Debug|Any CPU = Debug|Any CPU
		Release|Any CPU = Release|Any CPU
	EndGlobalSection
	GlobalSection(ProjectConfigurationPlatforms) = postSolution
		{531547C7-8672-44E1-8711-0253B978FCBE}.Debug|Any CPU.ActiveCfg = Debug|Any CPU
		{531547C7-8672-44E1-8711-0253B978FCBE}.Debug|Any CPU.Build.0 = Debug|Any CPU
		{531547C7-8672-44E1-8711-0253B978FCBE}.Release|Any CPU.ActiveCfg = Release|Any CPU
		{531547C7-8672-44E1-8711-0253B978FCBE}.Release|Any CPU.Build.0 = Release|Any CPU
	EndGlobalSection
	GlobalSection(SolutionProperties) = preSolution
		HideSolutionNode = FALSE
	EndGlobalSection
	GlobalSection(NestedProjects) = preSolution
		{531547C7-8672-44E1-8711-0253B978FCBE} = {DBB1A8FD-1A88-4FB4-94C2-325303B44491}
	EndGlobalSection
EndGlobal
